// !$*UTF8*$!
{
	archiveVersion = 1;
	classes = {
	};
	objectVersion = 46;
	objects = {

/* Begin PBXBuildFile section */
		5229CAB71A6411CC004F1F75 /* HubView.m in Sources */ = {isa = PBXBuildFile; fileRef = 5229CAB61A6411CC004F1F75 /* HubView.m */; };
		5229CABB1A641B61004F1F75 /* NodeView.m in Sources */ = {isa = PBXBuildFile; fileRef = 5229CABA1A641B61004F1F75 /* NodeView.m */; };
		522B4A7F1A5EC4D60078801A /* CoreBluetooth.framework in Frameworks */ = {isa = PBXBuildFile; fileRef = 522B4A7E1A5EC4D60078801A /* CoreBluetooth.framework */; };
		522B4A861A5FE70F0078801A /* ScannerViewController.m in Sources */ = {isa = PBXBuildFile; fileRef = 522B4A851A5FE70F0078801A /* ScannerViewController.m */; };
		522B4A8A1A6002A90078801A /* ScannedPeripheral.m in Sources */ = {isa = PBXBuildFile; fileRef = 522B4A891A6002A90078801A /* ScannedPeripheral.m */; };
		522D4D001A5EB69C0072F855 /* main.m in Sources */ = {isa = PBXBuildFile; fileRef = 522D4CFF1A5EB69C0072F855 /* main.m */; };
		522D4D031A5EB69D0072F855 /* AppDelegate.m in Sources */ = {isa = PBXBuildFile; fileRef = 522D4D021A5EB69D0072F855 /* AppDelegate.m */; };
		522D4D061A5EB69D0072F855 /* ViewController.m in Sources */ = {isa = PBXBuildFile; fileRef = 522D4D051A5EB69D0072F855 /* ViewController.m */; };
		522D4D091A5EB69D0072F855 /* Main.storyboard in Resources */ = {isa = PBXBuildFile; fileRef = 522D4D071A5EB69D0072F855 /* Main.storyboard */; };
		522D4D0B1A5EB69D0072F855 /* Images.xcassets in Resources */ = {isa = PBXBuildFile; fileRef = 522D4D0A1A5EB69D0072F855 /* Images.xcassets */; };
		522D4D0E1A5EB69D0072F855 /* LaunchScreen.xib in Resources */ = {isa = PBXBuildFile; fileRef = 522D4D0C1A5EB69D0072F855 /* LaunchScreen.xib */; };
		522D4D1A1A5EB69D0072F855 /* ANT_Shared_Channel_Tests.m in Sources */ = {isa = PBXBuildFile; fileRef = 522D4D191A5EB69D0072F855 /* ANT_Shared_Channel_Tests.m */; };
		52C8D9AD1A6943FD007DEDE4 /* SettingsViewController.m in Sources */ = {isa = PBXBuildFile; fileRef = 52C8D9AC1A6943FD007DEDE4 /* SettingsViewController.m */; };
		52C8D9B61A6E5864007DEDE4 /* SWRevealViewController.m in Sources */ = {isa = PBXBuildFile; fileRef = 52C8D9B51A6E5864007DEDE4 /* SWRevealViewController.m */; };
		52C8D9B91A6E58BF007DEDE4 /* QuartzCore.framework in Frameworks */ = {isa = PBXBuildFile; fileRef = 52C8D9B81A6E58BF007DEDE4 /* QuartzCore.framework */; };
		52C8D9BC1A6E9344007DEDE4 /* AdvancedViewController.m in Sources */ = {isa = PBXBuildFile; fileRef = 52C8D9BB1A6E9344007DEDE4 /* AdvancedViewController.m */; };
		52C8D9C01A6FC56C007DEDE4 /* GroupCell.m in Sources */ = {isa = PBXBuildFile; fileRef = 52C8D9BF1A6FC56C007DEDE4 /* GroupCell.m */; };
		52C8D9C71A7001BF007DEDE4 /* Group.m in Sources */ = {isa = PBXBuildFile; fileRef = 52C8D9C61A7001BF007DEDE4 /* Group.m */; };
/* End PBXBuildFile section */

/* Begin PBXContainerItemProxy section */
		522D4D141A5EB69D0072F855 /* PBXContainerItemProxy */ = {
			isa = PBXContainerItemProxy;
			containerPortal = 522D4CF21A5EB69C0072F855 /* Project object */;
			proxyType = 1;
			remoteGlobalIDString = 522D4CF91A5EB69C0072F855;
			remoteInfo = "ANT Shared Channel";
		};
/* End PBXContainerItemProxy section */

/* Begin PBXFileReference section */
		5229CAB51A6411CC004F1F75 /* HubView.h */ = {isa = PBXFileReference; fileEncoding = 4; lastKnownFileType = sourcecode.c.h; lineEnding = 0; path = HubView.h; sourceTree = "<group>"; xcLanguageSpecificationIdentifier = xcode.lang.objcpp; };
		5229CAB61A6411CC004F1F75 /* HubView.m */ = {isa = PBXFileReference; fileEncoding = 4; lastKnownFileType = sourcecode.c.objc; lineEnding = 0; path = HubView.m; sourceTree = "<group>"; xcLanguageSpecificationIdentifier = xcode.lang.objc; };
		5229CAB91A641B61004F1F75 /* NodeView.h */ = {isa = PBXFileReference; fileEncoding = 4; lastKnownFileType = sourcecode.c.h; lineEnding = 0; path = NodeView.h; sourceTree = "<group>"; xcLanguageSpecificationIdentifier = xcode.lang.objcpp; };
		5229CABA1A641B61004F1F75 /* NodeView.m */ = {isa = PBXFileReference; fileEncoding = 4; lastKnownFileType = sourcecode.c.objc; lineEnding = 0; path = NodeView.m; sourceTree = "<group>"; xcLanguageSpecificationIdentifier = xcode.lang.objc; };
		522B4A7E1A5EC4D60078801A /* CoreBluetooth.framework */ = {isa = PBXFileReference; lastKnownFileType = wrapper.framework; name = CoreBluetooth.framework; path = System/Library/Frameworks/CoreBluetooth.framework; sourceTree = SDKROOT; };
		522B4A841A5FE70F0078801A /* ScannerViewController.h */ = {isa = PBXFileReference; fileEncoding = 4; lastKnownFileType = sourcecode.c.h; lineEnding = 0; path = ScannerViewController.h; sourceTree = "<group>"; xcLanguageSpecificationIdentifier = xcode.lang.objcpp; };
		522B4A851A5FE70F0078801A /* ScannerViewController.m */ = {isa = PBXFileReference; fileEncoding = 4; lastKnownFileType = sourcecode.c.objc; lineEnding = 0; path = ScannerViewController.m; sourceTree = "<group>"; xcLanguageSpecificationIdentifier = xcode.lang.objc; };
		522B4A881A6002A90078801A /* ScannedPeripheral.h */ = {isa = PBXFileReference; fileEncoding = 4; lastKnownFileType = sourcecode.c.h; lineEnding = 0; path = ScannedPeripheral.h; sourceTree = "<group>"; xcLanguageSpecificationIdentifier = xcode.lang.objcpp; };
		522B4A891A6002A90078801A /* ScannedPeripheral.m */ = {isa = PBXFileReference; fileEncoding = 4; lastKnownFileType = sourcecode.c.objc; lineEnding = 0; path = ScannedPeripheral.m; sourceTree = "<group>"; xcLanguageSpecificationIdentifier = xcode.lang.objc; };
		522B4A8C1A6002E70078801A /* ScannerDelegate.h */ = {isa = PBXFileReference; fileEncoding = 4; lastKnownFileType = sourcecode.c.h; lineEnding = 0; path = ScannerDelegate.h; sourceTree = "<group>"; xcLanguageSpecificationIdentifier = xcode.lang.objcpp; };
		522B4A8D1A60219F0078801A /* Constants.h */ = {isa = PBXFileReference; lastKnownFileType = sourcecode.c.h; lineEnding = 0; path = Constants.h; sourceTree = "<group>"; xcLanguageSpecificationIdentifier = xcode.lang.objcpp; };
		522D4CFA1A5EB69C0072F855 /* ANT Shared Channel.app */ = {isa = PBXFileReference; explicitFileType = wrapper.application; includeInIndex = 0; path = "ANT Shared Channel.app"; sourceTree = BUILT_PRODUCTS_DIR; };
		522D4CFE1A5EB69C0072F855 /* Info.plist */ = {isa = PBXFileReference; lastKnownFileType = text.plist.xml; path = Info.plist; sourceTree = "<group>"; };
		522D4CFF1A5EB69C0072F855 /* main.m */ = {isa = PBXFileReference; lastKnownFileType = sourcecode.c.objc; lineEnding = 0; path = main.m; sourceTree = "<group>"; xcLanguageSpecificationIdentifier = xcode.lang.objc; };
		522D4D011A5EB69C0072F855 /* AppDelegate.h */ = {isa = PBXFileReference; lastKnownFileType = sourcecode.c.h; lineEnding = 0; path = AppDelegate.h; sourceTree = "<group>"; xcLanguageSpecificationIdentifier = xcode.lang.objcpp; };
		522D4D021A5EB69D0072F855 /* AppDelegate.m */ = {isa = PBXFileReference; lastKnownFileType = sourcecode.c.objc; lineEnding = 0; path = AppDelegate.m; sourceTree = "<group>"; xcLanguageSpecificationIdentifier = xcode.lang.objc; };
		522D4D041A5EB69D0072F855 /* ViewController.h */ = {isa = PBXFileReference; lastKnownFileType = sourcecode.c.h; path = ViewController.h; sourceTree = "<group>"; };
		522D4D051A5EB69D0072F855 /* ViewController.m */ = {isa = PBXFileReference; lastKnownFileType = sourcecode.c.objc; path = ViewController.m; sourceTree = "<group>"; };
		522D4D081A5EB69D0072F855 /* Base */ = {isa = PBXFileReference; lastKnownFileType = file.storyboard; name = Base; path = Base.lproj/Main.storyboard; sourceTree = "<group>"; };
		522D4D0A1A5EB69D0072F855 /* Images.xcassets */ = {isa = PBXFileReference; lastKnownFileType = folder.assetcatalog; path = Images.xcassets; sourceTree = "<group>"; };
		522D4D0D1A5EB69D0072F855 /* Base */ = {isa = PBXFileReference; lastKnownFileType = file.xib; name = Base; path = Base.lproj/LaunchScreen.xib; sourceTree = "<group>"; };
		522D4D131A5EB69D0072F855 /* ANT Shared Channel.xctest */ = {isa = PBXFileReference; explicitFileType = wrapper.cfbundle; includeInIndex = 0; path = "ANT Shared Channel.xctest"; sourceTree = BUILT_PRODUCTS_DIR; };
		522D4D181A5EB69D0072F855 /* Info.plist */ = {isa = PBXFileReference; lastKnownFileType = text.plist.xml; path = Info.plist; sourceTree = "<group>"; };
		522D4D191A5EB69D0072F855 /* ANT_Shared_Channel_Tests.m */ = {isa = PBXFileReference; lastKnownFileType = sourcecode.c.objc; lineEnding = 0; path = ANT_Shared_Channel_Tests.m; sourceTree = "<group>"; xcLanguageSpecificationIdentifier = xcode.lang.objc; };
		52C8D9A21A67FBB2007DEDE4 /* PeripheralControllerDelegate.h */ = {isa = PBXFileReference; fileEncoding = 4; lastKnownFileType = sourcecode.c.h; lineEnding = 0; path = PeripheralControllerDelegate.h; sourceTree = "<group>"; xcLanguageSpecificationIdentifier = xcode.lang.objcpp; };
		52C8D9AB1A6943FD007DEDE4 /* SettingsViewController.h */ = {isa = PBXFileReference; fileEncoding = 4; lastKnownFileType = sourcecode.c.h; path = SettingsViewController.h; sourceTree = "<group>"; };
		52C8D9AC1A6943FD007DEDE4 /* SettingsViewController.m */ = {isa = PBXFileReference; fileEncoding = 4; lastKnownFileType = sourcecode.c.objc; path = SettingsViewController.m; sourceTree = "<group>"; };
		52C8D9B41A6E5864007DEDE4 /* SWRevealViewController.h */ = {isa = PBXFileReference; fileEncoding = 4; lastKnownFileType = sourcecode.c.h; path = SWRevealViewController.h; sourceTree = "<group>"; };
		52C8D9B51A6E5864007DEDE4 /* SWRevealViewController.m */ = {isa = PBXFileReference; fileEncoding = 4; lastKnownFileType = sourcecode.c.objc; path = SWRevealViewController.m; sourceTree = "<group>"; };
		52C8D9B81A6E58BF007DEDE4 /* QuartzCore.framework */ = {isa = PBXFileReference; lastKnownFileType = wrapper.framework; name = QuartzCore.framework; path = System/Library/Frameworks/QuartzCore.framework; sourceTree = SDKROOT; };
		52C8D9BA1A6E9344007DEDE4 /* AdvancedViewController.h */ = {isa = PBXFileReference; fileEncoding = 4; lastKnownFileType = sourcecode.c.h; lineEnding = 0; path = AdvancedViewController.h; sourceTree = "<group>"; xcLanguageSpecificationIdentifier = xcode.lang.objcpp; };
		52C8D9BB1A6E9344007DEDE4 /* AdvancedViewController.m */ = {isa = PBXFileReference; fileEncoding = 4; lastKnownFileType = sourcecode.c.objc; lineEnding = 0; path = AdvancedViewController.m; sourceTree = "<group>"; xcLanguageSpecificationIdentifier = xcode.lang.objc; };
		52C8D9BE1A6FC56C007DEDE4 /* GroupCell.h */ = {isa = PBXFileReference; fileEncoding = 4; lastKnownFileType = sourcecode.c.h; lineEnding = 0; path = GroupCell.h; sourceTree = "<group>"; xcLanguageSpecificationIdentifier = xcode.lang.objcpp; };
		52C8D9BF1A6FC56C007DEDE4 /* GroupCell.m */ = {isa = PBXFileReference; fileEncoding = 4; lastKnownFileType = sourcecode.c.objc; lineEnding = 0; path = GroupCell.m; sourceTree = "<group>"; xcLanguageSpecificationIdentifier = xcode.lang.objc; };
		52C8D9C11A6FFC57007DEDE4 /* GroupManagerDelegate.h */ = {isa = PBXFileReference; fileEncoding = 4; lastKnownFileType = sourcecode.c.h; lineEnding = 0; path = GroupManagerDelegate.h; sourceTree = "<group>"; xcLanguageSpecificationIdentifier = xcode.lang.objcpp; };
		52C8D9C51A7001BF007DEDE4 /* Group.h */ = {isa = PBXFileReference; fileEncoding = 4; lastKnownFileType = sourcecode.c.h; lineEnding = 0; path = Group.h; sourceTree = "<group>"; xcLanguageSpecificationIdentifier = xcode.lang.objcpp; };
		52C8D9C61A7001BF007DEDE4 /* Group.m */ = {isa = PBXFileReference; fileEncoding = 4; lastKnownFileType = sourcecode.c.objc; lineEnding = 0; path = Group.m; sourceTree = "<group>"; xcLanguageSpecificationIdentifier = xcode.lang.objc; };
/* End PBXFileReference section */

/* Begin PBXFrameworksBuildPhase section */
		522D4CF71A5EB69C0072F855 /* Frameworks */ = {
			isa = PBXFrameworksBuildPhase;
			buildActionMask = 2147483647;
			files = (
				52C8D9B91A6E58BF007DEDE4 /* QuartzCore.framework in Frameworks */,
				522B4A7F1A5EC4D60078801A /* CoreBluetooth.framework in Frameworks */,
			);
			runOnlyForDeploymentPostprocessing = 0;
		};
		522D4D101A5EB69D0072F855 /* Frameworks */ = {
			isa = PBXFrameworksBuildPhase;
			buildActionMask = 2147483647;
			files = (
			);
			runOnlyForDeploymentPostprocessing = 0;
		};
/* End PBXFrameworksBuildPhase section */

/* Begin PBXGroup section */
		5229CAB81A6411DE004F1F75 /* Main */ = {
			isa = PBXGroup;
			children = (
				52C8D9A21A67FBB2007DEDE4 /* PeripheralControllerDelegate.h */,
				5229CAB91A641B61004F1F75 /* NodeView.h */,
				5229CABA1A641B61004F1F75 /* NodeView.m */,
				5229CAB51A6411CC004F1F75 /* HubView.h */,
				5229CAB61A6411CC004F1F75 /* HubView.m */,
				522D4D041A5EB69D0072F855 /* ViewController.h */,
				522D4D051A5EB69D0072F855 /* ViewController.m */,
			);
			name = Main;
			sourceTree = "<group>";
		};
		522B4A871A60027A0078801A /* Scanner */ = {
			isa = PBXGroup;
			children = (
				522B4A881A6002A90078801A /* ScannedPeripheral.h */,
				522B4A891A6002A90078801A /* ScannedPeripheral.m */,
				522B4A8C1A6002E70078801A /* ScannerDelegate.h */,
				522B4A841A5FE70F0078801A /* ScannerViewController.h */,
				522B4A851A5FE70F0078801A /* ScannerViewController.m */,
			);
			name = Scanner;
			sourceTree = "<group>";
		};
		522B4A8E1A6022740078801A /* Utilities */ = {
			isa = PBXGroup;
			children = (
				522B4A8D1A60219F0078801A /* Constants.h */,
			);
			name = Utilities;
			sourceTree = "<group>";
		};
		522D4CF11A5EB69C0072F855 = {
			isa = PBXGroup;
			children = (
				52C8D9B81A6E58BF007DEDE4 /* QuartzCore.framework */,
				522B4A7E1A5EC4D60078801A /* CoreBluetooth.framework */,
				522D4CFC1A5EB69C0072F855 /* ANT Shared Channel */,
				522D4D161A5EB69D0072F855 /* ANT Shared Channel Tests */,
				522D4CFB1A5EB69C0072F855 /* Products */,
			);
			sourceTree = "<group>";
		};
		522D4CFB1A5EB69C0072F855 /* Products */ = {
			isa = PBXGroup;
			children = (
				522D4CFA1A5EB69C0072F855 /* ANT Shared Channel.app */,
				522D4D131A5EB69D0072F855 /* ANT Shared Channel.xctest */,
			);
			name = Products;
			sourceTree = "<group>";
		};
		522D4CFC1A5EB69C0072F855 /* ANT Shared Channel */ = {
			isa = PBXGroup;
			children = (
				522B4A871A60027A0078801A /* Scanner */,
				522B4A8E1A6022740078801A /* Utilities */,
				52C8D9AA1A6943E0007DEDE4 /* Settings */,
				5229CAB81A6411DE004F1F75 /* Main */,
				52C8D9BD1A6E9354007DEDE4 /* Advanced */,
				522D4D011A5EB69C0072F855 /* AppDelegate.h */,
				522D4D021A5EB69D0072F855 /* AppDelegate.m */,
				522D4D071A5EB69D0072F855 /* Main.storyboard */,
				522D4D0A1A5EB69D0072F855 /* Images.xcassets */,
				522D4D0C1A5EB69D0072F855 /* LaunchScreen.xib */,
				52C8D9B71A6E5881007DEDE4 /* RevealViewController */,
				522D4CFD1A5EB69C0072F855 /* Supporting Files */,
			);
			path = "ANT Shared Channel";
			sourceTree = "<group>";
		};
		522D4CFD1A5EB69C0072F855 /* Supporting Files */ = {
			isa = PBXGroup;
			children = (
				522D4CFE1A5EB69C0072F855 /* Info.plist */,
				522D4CFF1A5EB69C0072F855 /* main.m */,
			);
			name = "Supporting Files";
			sourceTree = "<group>";
		};
		522D4D161A5EB69D0072F855 /* ANT Shared Channel Tests */ = {
			isa = PBXGroup;
			children = (
				522D4D191A5EB69D0072F855 /* ANT_Shared_Channel_Tests.m */,
				522D4D171A5EB69D0072F855 /* Supporting Files */,
			);
			name = "ANT Shared Channel Tests";
			path = "ANT Shared Channel Tests";
			sourceTree = "<group>";
		};
		522D4D171A5EB69D0072F855 /* Supporting Files */ = {
			isa = PBXGroup;
			children = (
				522D4D181A5EB69D0072F855 /* Info.plist */,
			);
			name = "Supporting Files";
			sourceTree = "<group>";
		};
		52C8D9AA1A6943E0007DEDE4 /* Settings */ = {
			isa = PBXGroup;
			children = (
				52C8D9AB1A6943FD007DEDE4 /* SettingsViewController.h */,
				52C8D9AC1A6943FD007DEDE4 /* SettingsViewController.m */,
			);
			name = Settings;
			sourceTree = "<group>";
		};
		52C8D9B71A6E5881007DEDE4 /* RevealViewController */ = {
			isa = PBXGroup;
			children = (
				52C8D9B41A6E5864007DEDE4 /* SWRevealViewController.h */,
				52C8D9B51A6E5864007DEDE4 /* SWRevealViewController.m */,
			);
			name = RevealViewController;
			sourceTree = "<group>";
		};
		52C8D9BD1A6E9354007DEDE4 /* Advanced */ = {
			isa = PBXGroup;
			children = (
				52C8D9C11A6FFC57007DEDE4 /* GroupManagerDelegate.h */,
				52C8D9C51A7001BF007DEDE4 /* Group.h */,
				52C8D9C61A7001BF007DEDE4 /* Group.m */,
				52C8D9BE1A6FC56C007DEDE4 /* GroupCell.h */,
				52C8D9BF1A6FC56C007DEDE4 /* GroupCell.m */,
				52C8D9BA1A6E9344007DEDE4 /* AdvancedViewController.h */,
				52C8D9BB1A6E9344007DEDE4 /* AdvancedViewController.m */,
			);
			name = Advanced;
			sourceTree = "<group>";
		};
/* End PBXGroup section */

/* Begin PBXNativeTarget section */
		522D4CF91A5EB69C0072F855 /* ANT Shared Channel */ = {
			isa = PBXNativeTarget;
			buildConfigurationList = 522D4D1D1A5EB69D0072F855 /* Build configuration list for PBXNativeTarget "ANT Shared Channel" */;
			buildPhases = (
				522D4CF61A5EB69C0072F855 /* Sources */,
				522D4CF71A5EB69C0072F855 /* Frameworks */,
				522D4CF81A5EB69C0072F855 /* Resources */,
			);
			buildRules = (
			);
			dependencies = (
			);
			name = "ANT Shared Channel";
			productName = "ANT Shared Channel";
			productReference = 522D4CFA1A5EB69C0072F855 /* ANT Shared Channel.app */;
			productType = "com.apple.product-type.application";
		};
		522D4D121A5EB69D0072F855 /* ANT Shared Channel */ = {
			isa = PBXNativeTarget;
			buildConfigurationList = 522D4D201A5EB69D0072F855 /* Build configuration list for PBXNativeTarget "ANT Shared Channel" */;
			buildPhases = (
				522D4D0F1A5EB69D0072F855 /* Sources */,
				522D4D101A5EB69D0072F855 /* Frameworks */,
				522D4D111A5EB69D0072F855 /* Resources */,
			);
			buildRules = (
			);
			dependencies = (
				522D4D151A5EB69D0072F855 /* PBXTargetDependency */,
			);
			name = "ANT Shared Channel";
			productName = "ANT Shared Channel";
			productReference = 522D4D131A5EB69D0072F855 /* ANT Shared Channel.xctest */;
			productType = "com.apple.product-type.bundle.unit-test";
		};
/* End PBXNativeTarget section */

/* Begin PBXProject section */
		522D4CF21A5EB69C0072F855 /* Project object */ = {
			isa = PBXProject;
			attributes = {
				LastUpgradeCheck = 0610;
				ORGANIZATIONNAME = "Nordic Semiconductor";
				TargetAttributes = {
					522D4CF91A5EB69C0072F855 = {
						CreatedOnToolsVersion = 6.1.1;
						DevelopmentTeam = P3R8YQEV4L;
					};
					522D4D121A5EB69D0072F855 = {
						CreatedOnToolsVersion = 6.1.1;
						TestTargetID = 522D4CF91A5EB69C0072F855;
					};
				};
			};
			buildConfigurationList = 522D4CF51A5EB69C0072F855 /* Build configuration list for PBXProject "ANT Shared Channel" */;
			compatibilityVersion = "Xcode 3.2";
			developmentRegion = English;
			hasScannedForEncodings = 0;
			knownRegions = (
				en,
				Base,
			);
			mainGroup = 522D4CF11A5EB69C0072F855;
			productRefGroup = 522D4CFB1A5EB69C0072F855 /* Products */;
			projectDirPath = "";
			projectRoot = "";
			targets = (
				522D4CF91A5EB69C0072F855 /* ANT Shared Channel */,
				522D4D121A5EB69D0072F855 /* ANT Shared Channel */,
			);
		};
/* End PBXProject section */

/* Begin PBXResourcesBuildPhase section */
		522D4CF81A5EB69C0072F855 /* Resources */ = {
			isa = PBXResourcesBuildPhase;
			buildActionMask = 2147483647;
			files = (
				522D4D091A5EB69D0072F855 /* Main.storyboard in Resources */,
				522D4D0E1A5EB69D0072F855 /* LaunchScreen.xib in Resources */,
				522D4D0B1A5EB69D0072F855 /* Images.xcassets in Resources */,
			);
			runOnlyForDeploymentPostprocessing = 0;
		};
		522D4D111A5EB69D0072F855 /* Resources */ = {
			isa = PBXResourcesBuildPhase;
			buildActionMask = 2147483647;
			files = (
			);
			runOnlyForDeploymentPostprocessing = 0;
		};
/* End PBXResourcesBuildPhase section */

/* Begin PBXSourcesBuildPhase section */
		522D4CF61A5EB69C0072F855 /* Sources */ = {
			isa = PBXSourcesBuildPhase;
			buildActionMask = 2147483647;
			files = (
				52C8D9BC1A6E9344007DEDE4 /* AdvancedViewController.m in Sources */,
				5229CABB1A641B61004F1F75 /* NodeView.m in Sources */,
				522D4D061A5EB69D0072F855 /* ViewController.m in Sources */,
				52C8D9C71A7001BF007DEDE4 /* Group.m in Sources */,
				5229CAB71A6411CC004F1F75 /* HubView.m in Sources */,
				52C8D9C01A6FC56C007DEDE4 /* GroupCell.m in Sources */,
				52C8D9AD1A6943FD007DEDE4 /* SettingsViewController.m in Sources */,
				522D4D031A5EB69D0072F855 /* AppDelegate.m in Sources */,
				52C8D9B61A6E5864007DEDE4 /* SWRevealViewController.m in Sources */,
				522B4A8A1A6002A90078801A /* ScannedPeripheral.m in Sources */,
				522D4D001A5EB69C0072F855 /* main.m in Sources */,
				522B4A861A5FE70F0078801A /* ScannerViewController.m in Sources */,
			);
			runOnlyForDeploymentPostprocessing = 0;
		};
		522D4D0F1A5EB69D0072F855 /* Sources */ = {
			isa = PBXSourcesBuildPhase;
			buildActionMask = 2147483647;
			files = (
				522D4D1A1A5EB69D0072F855 /* ANT_Shared_Channel_Tests.m in Sources */,
			);
			runOnlyForDeploymentPostprocessing = 0;
		};
/* End PBXSourcesBuildPhase section */

/* Begin PBXTargetDependency section */
		522D4D151A5EB69D0072F855 /* PBXTargetDependency */ = {
			isa = PBXTargetDependency;
			target = 522D4CF91A5EB69C0072F855 /* ANT Shared Channel */;
			targetProxy = 522D4D141A5EB69D0072F855 /* PBXContainerItemProxy */;
		};
/* End PBXTargetDependency section */

/* Begin PBXVariantGroup section */
		522D4D071A5EB69D0072F855 /* Main.storyboard */ = {
			isa = PBXVariantGroup;
			children = (
				522D4D081A5EB69D0072F855 /* Base */,
			);
			name = Main.storyboard;
			sourceTree = "<group>";
		};
		522D4D0C1A5EB69D0072F855 /* LaunchScreen.xib */ = {
			isa = PBXVariantGroup;
			children = (
				522D4D0D1A5EB69D0072F855 /* Base */,
			);
			name = LaunchScreen.xib;
			sourceTree = "<group>";
		};
/* End PBXVariantGroup section */

/* Begin XCBuildConfiguration section */
		522D4D1B1A5EB69D0072F855 /* Debug */ = {
			isa = XCBuildConfiguration;
			buildSettings = {
				ALWAYS_SEARCH_USER_PATHS = NO;
				CLANG_CXX_LANGUAGE_STANDARD = "gnu++0x";
				CLANG_CXX_LIBRARY = "libc++";
				CLANG_ENABLE_MODULES = YES;
				CLANG_ENABLE_OBJC_ARC = YES;
				CLANG_WARN_BOOL_CONVERSION = YES;
				CLANG_WARN_CONSTANT_CONVERSION = YES;
				CLANG_WARN_DIRECT_OBJC_ISA_USAGE = YES_ERROR;
				CLANG_WARN_EMPTY_BODY = YES;
				CLANG_WARN_ENUM_CONVERSION = YES;
				CLANG_WARN_INT_CONVERSION = YES;
				CLANG_WARN_OBJC_ROOT_CLASS = YES_ERROR;
				CLANG_WARN_UNREACHABLE_CODE = YES;
				CLANG_WARN__DUPLICATE_METHOD_MATCH = YES;
				"CODE_SIGN_IDENTITY[sdk=iphoneos*]" = "iPhone Developer";
				COPY_PHASE_STRIP = NO;
				ENABLE_STRICT_OBJC_MSGSEND = YES;
				GCC_C_LANGUAGE_STANDARD = gnu99;
				GCC_DYNAMIC_NO_PIC = NO;
				GCC_OPTIMIZATION_LEVEL = 0;
				GCC_PREPROCESSOR_DEFINITIONS = (
					"DEBUG=1",
					"$(inherited)",
				);
				GCC_SYMBOLS_PRIVATE_EXTERN = NO;
				GCC_WARN_64_TO_32_BIT_CONVERSION = YES;
				GCC_WARN_ABOUT_RETURN_TYPE = YES_ERROR;
				GCC_WARN_UNDECLARED_SELECTOR = YES;
				GCC_WARN_UNINITIALIZED_AUTOS = YES_AGGRESSIVE;
				GCC_WARN_UNUSED_FUNCTION = YES;
				GCC_WARN_UNUSED_VARIABLE = YES;
				IPHONEOS_DEPLOYMENT_TARGET = 8.1;
				MTL_ENABLE_DEBUG_INFO = YES;
				ONLY_ACTIVE_ARCH = YES;
				SDKROOT = iphoneos;
				TARGETED_DEVICE_FAMILY = "1,2";
			};
			name = Debug;
		};
		522D4D1C1A5EB69D0072F855 /* Release */ = {
			isa = XCBuildConfiguration;
			buildSettings = {
				ALWAYS_SEARCH_USER_PATHS = NO;
				CLANG_CXX_LANGUAGE_STANDARD = "gnu++0x";
				CLANG_CXX_LIBRARY = "libc++";
				CLANG_ENABLE_MODULES = YES;
				CLANG_ENABLE_OBJC_ARC = YES;
				CLANG_WARN_BOOL_CONVERSION = YES;
				CLANG_WARN_CONSTANT_CONVERSION = YES;
				CLANG_WARN_DIRECT_OBJC_ISA_USAGE = YES_ERROR;
				CLANG_WARN_EMPTY_BODY = YES;
				CLANG_WARN_ENUM_CONVERSION = YES;
				CLANG_WARN_INT_CONVERSION = YES;
				CLANG_WARN_OBJC_ROOT_CLASS = YES_ERROR;
				CLANG_WARN_UNREACHABLE_CODE = YES;
				CLANG_WARN__DUPLICATE_METHOD_MATCH = YES;
				"CODE_SIGN_IDENTITY[sdk=iphoneos*]" = "iPhone Developer";
				COPY_PHASE_STRIP = YES;
				ENABLE_NS_ASSERTIONS = NO;
				ENABLE_STRICT_OBJC_MSGSEND = YES;
				GCC_C_LANGUAGE_STANDARD = gnu99;
				GCC_WARN_64_TO_32_BIT_CONVERSION = YES;
				GCC_WARN_ABOUT_RETURN_TYPE = YES_ERROR;
				GCC_WARN_UNDECLARED_SELECTOR = YES;
				GCC_WARN_UNINITIALIZED_AUTOS = YES_AGGRESSIVE;
				GCC_WARN_UNUSED_FUNCTION = YES;
				GCC_WARN_UNUSED_VARIABLE = YES;
				IPHONEOS_DEPLOYMENT_TARGET = 8.1;
				MTL_ENABLE_DEBUG_INFO = NO;
				SDKROOT = iphoneos;
				TARGETED_DEVICE_FAMILY = "1,2";
				VALIDATE_PRODUCT = YES;
			};
			name = Release;
		};
		522D4D1E1A5EB69D0072F855 /* Debug */ = {
			isa = XCBuildConfiguration;
			buildSettings = {
				ASSETCATALOG_COMPILER_APPICON_NAME = AppIcon;
				CODE_SIGN_IDENTITY = "iPhone Developer";
				"CODE_SIGN_IDENTITY[sdk=iphoneos*]" = "iPhone Developer";
				INFOPLIST_FILE = "ANT Shared Channel/Info.plist";
				LD_RUNPATH_SEARCH_PATHS = "$(inherited) @executable_path/Frameworks";
				PRODUCT_NAME = "ANT Shared Channel";
				PROVISIONING_PROFILE = "";
			};
			name = Debug;
		};
		522D4D1F1A5EB69D0072F855 /* Release */ = {
			isa = XCBuildConfiguration;
			buildSettings = {
				ASSETCATALOG_COMPILER_APPICON_NAME = AppIcon;
				CODE_SIGN_IDENTITY = "iPhone Distribution";
				"CODE_SIGN_IDENTITY[sdk=iphoneos*]" = "iPhone Distribution";
				INFOPLIST_FILE = "ANT Shared Channel/Info.plist";
				LD_RUNPATH_SEARCH_PATHS = "$(inherited) @executable_path/Frameworks";
				PRODUCT_NAME = "ANT Shared Channel";
				PROVISIONING_PROFILE = "";
			};
			name = Release;
		};
		522D4D211A5EB69D0072F855 /* Debug */ = {
			isa = XCBuildConfiguration;
			buildSettings = {
				BUNDLE_LOADER = "$(TEST_HOST)";
				FRAMEWORK_SEARCH_PATHS = (
					"$(SDKROOT)/Developer/Library/Frameworks",
					"$(inherited)",
				);
				GCC_PREPROCESSOR_DEFINITIONS = (
					"DEBUG=1",
					"$(inherited)",
				);
				INFOPLIST_FILE = "ANT Shared Channel/Info.plist";
				LD_RUNPATH_SEARCH_PATHS = "$(inherited) @executable_path/Frameworks @loader_path/Frameworks";
				PRODUCT_NAME = "ANT Shared Channel";
				TEST_HOST = "$(BUILT_PRODUCTS_DIR)/ANT Shared Channel.app/ANT Shared Channel";
			};
			name = Debug;
		};
		522D4D221A5EB69D0072F855 /* Release */ = {
			isa = XCBuildConfiguration;
			buildSettings = {
				BUNDLE_LOADER = "$(TEST_HOST)";
				FRAMEWORK_SEARCH_PATHS = (
					"$(SDKROOT)/Developer/Library/Frameworks",
					"$(inherited)",
				);
				INFOPLIST_FILE = "ANT Shared Channel/Info.plist";
				LD_RUNPATH_SEARCH_PATHS = "$(inherited) @executable_path/Frameworks @loader_path/Frameworks";
				PRODUCT_NAME = "ANT Shared Channel";
				TEST_HOST = "$(BUILT_PRODUCTS_DIR)/ANT Shared Channel.app/ANT Shared Channel";
			};
			name = Release;
		};
/* End XCBuildConfiguration section */

/* Begin XCConfigurationList section */
		522D4CF51A5EB69C0072F855 /* Build configuration list for PBXProject "ANT Shared Channel" */ = {
			isa = XCConfigurationList;
			buildConfigurations = (
				522D4D1B1A5EB69D0072F855 /* Debug */,
				522D4D1C1A5EB69D0072F855 /* Release */,
			);
			defaultConfigurationIsVisible = 0;
			defaultConfigurationName = Release;
		};
		522D4D1D1A5EB69D0072F855 /* Build configuration list for PBXNativeTarget "ANT Shared Channel" */ = {
			isa = XCConfigurationList;
			buildConfigurations = (
				522D4D1E1A5EB69D0072F855 /* Debug */,
				522D4D1F1A5EB69D0072F855 /* Release */,
			);
			defaultConfigurationIsVisible = 0;
			defaultConfigurationName = Release;
		};
		522D4D201A5EB69D0072F855 /* Build configuration list for PBXNativeTarget "ANT Shared Channel" */ = {
			isa = XCConfigurationList;
			buildConfigurations = (
				522D4D211A5EB69D0072F855 /* Debug */,
				522D4D221A5EB69D0072F855 /* Release */,
			);
			defaultConfigurationIsVisible = 0;
			defaultConfigurationName = Release;
		};
/* End XCConfigurationList section */
	};
	rootObject = 522D4CF21A5EB69C0072F855 /* Project object */;
}
